// !$*UTF8*$!
{
	archiveVersion = 1;
	classes = {
	};
	objectVersion = 56;
	objects = {

/* Begin PBXBuildFile section */
		A6E82C792B67AB8F0046C3DB /* SongResponse.swift in Sources */ = {isa = PBXBuildFile; fileRef = A6E82C782B67AB8F0046C3DB /* SongResponse.swift */; };
		A6E82C7E2B67B4B90046C3DB /* SongViewModel.swift in Sources */ = {isa = PBXBuildFile; fileRef = A6E82C7D2B67B4B90046C3DB /* SongViewModel.swift */; };
		A6E82C802B67B5D10046C3DB /* LoadingView.swift in Sources */ = {isa = PBXBuildFile; fileRef = A6E82C7F2B67B5D10046C3DB /* LoadingView.swift */; };
		A6FA2F662B638C8500F27970 /* MusicSearchAppApp.swift in Sources */ = {isa = PBXBuildFile; fileRef = A6FA2F652B638C8500F27970 /* MusicSearchAppApp.swift */; };
		A6FA2F682B638C8500F27970 /* ContentView.swift in Sources */ = {isa = PBXBuildFile; fileRef = A6FA2F672B638C8500F27970 /* ContentView.swift */; };
		A6FA2F6A2B638C8600F27970 /* Assets.xcassets in Resources */ = {isa = PBXBuildFile; fileRef = A6FA2F692B638C8600F27970 /* Assets.xcassets */; };
		A6FA2F6D2B638C8600F27970 /* Preview Assets.xcassets in Resources */ = {isa = PBXBuildFile; fileRef = A6FA2F6C2B638C8600F27970 /* Preview Assets.xcassets */; };
		A6FA2F742B638CD200F27970 /* EmptyStateView.swift in Sources */ = {isa = PBXBuildFile; fileRef = A6FA2F732B638CD200F27970 /* EmptyStateView.swift */; };
		A6FA2F762B638E7D00F27970 /* SearchBar.swift in Sources */ = {isa = PBXBuildFile; fileRef = A6FA2F752B638E7D00F27970 /* SearchBar.swift */; };
		A6FA2F782B63906700F27970 /* DataModel.swift in Sources */ = {isa = PBXBuildFile; fileRef = A6FA2F772B63906700F27970 /* DataModel.swift */; };
		A6FA2F7A2B63981200F27970 /* SongListViewModel.swift in Sources */ = {isa = PBXBuildFile; fileRef = A6FA2F792B63981200F27970 /* SongListViewModel.swift */; };
		A6FA2F7C2B63BB3400F27970 /* ArtworkLoader.swift in Sources */ = {isa = PBXBuildFile; fileRef = A6FA2F7B2B63BB3400F27970 /* ArtworkLoader.swift */; };
/* End PBXBuildFile section */

/* Begin PBXFileReference section */
		A6E82C782B67AB8F0046C3DB /* SongResponse.swift */ = {isa = PBXFileReference; lastKnownFileType = sourcecode.swift; path = SongResponse.swift; sourceTree = "<group>"; };
		A6E82C7D2B67B4B90046C3DB /* SongViewModel.swift */ = {isa = PBXFileReference; lastKnownFileType = sourcecode.swift; path = SongViewModel.swift; sourceTree = "<group>"; };
		A6E82C7F2B67B5D10046C3DB /* LoadingView.swift */ = {isa = PBXFileReference; lastKnownFileType = sourcecode.swift; path = LoadingView.swift; sourceTree = "<group>"; };
		A6FA2F622B638C8500F27970 /* MusicSearchApp.app */ = {isa = PBXFileReference; explicitFileType = wrapper.application; includeInIndex = 0; path = MusicSearchApp.app; sourceTree = BUILT_PRODUCTS_DIR; };
		A6FA2F652B638C8500F27970 /* MusicSearchAppApp.swift */ = {isa = PBXFileReference; lastKnownFileType = sourcecode.swift; path = MusicSearchAppApp.swift; sourceTree = "<group>"; };
		A6FA2F672B638C8500F27970 /* ContentView.swift */ = {isa = PBXFileReference; lastKnownFileType = sourcecode.swift; path = ContentView.swift; sourceTree = "<group>"; };
		A6FA2F692B638C8600F27970 /* Assets.xcassets */ = {isa = PBXFileReference; lastKnownFileType = folder.assetcatalog; path = Assets.xcassets; sourceTree = "<group>"; };
		A6FA2F6C2B638C8600F27970 /* Preview Assets.xcassets */ = {isa = PBXFileReference; lastKnownFileType = folder.assetcatalog; path = "Preview Assets.xcassets"; sourceTree = "<group>"; };
		A6FA2F732B638CD200F27970 /* EmptyStateView.swift */ = {isa = PBXFileReference; lastKnownFileType = sourcecode.swift; path = EmptyStateView.swift; sourceTree = "<group>"; };
		A6FA2F752B638E7D00F27970 /* SearchBar.swift */ = {isa = PBXFileReference; lastKnownFileType = sourcecode.swift; path = SearchBar.swift; sourceTree = "<group>"; };
		A6FA2F772B63906700F27970 /* DataModel.swift */ = {isa = PBXFileReference; lastKnownFileType = sourcecode.swift; path = DataModel.swift; sourceTree = "<group>"; };
		A6FA2F792B63981200F27970 /* SongListViewModel.swift */ = {isa = PBXFileReference; lastKnownFileType = sourcecode.swift; path = SongListViewModel.swift; sourceTree = "<group>"; };
		A6FA2F7B2B63BB3400F27970 /* ArtworkLoader.swift */ = {isa = PBXFileReference; lastKnownFileType = sourcecode.swift; path = ArtworkLoader.swift; sourceTree = "<group>"; };
/* End PBXFileReference section */

/* Begin PBXFrameworksBuildPhase section */
		A6FA2F5F2B638C8500F27970 /* Frameworks */ = {
			isa = PBXFrameworksBuildPhase;
			buildActionMask = 2147483647;
			files = (
			);
			runOnlyForDeploymentPostprocessing = 0;
		};
/* End PBXFrameworksBuildPhase section */

/* Begin PBXGroup section */
		A6E82C762B67AB740046C3DB /* APIService */ = {
			isa = PBXGroup;
			children = (
				A6FA2F772B63906700F27970 /* DataModel.swift */,
			);
			path = APIService;
			sourceTree = "<group>";
		};
		A6E82C772B67AB820046C3DB /* Models */ = {
			isa = PBXGroup;
			children = (
				A6E82C782B67AB8F0046C3DB /* SongResponse.swift */,
			);
			path = Models;
			sourceTree = "<group>";
		};
		A6E82C7A2B67ABAB0046C3DB /* Utilities */ = {
			isa = PBXGroup;
			children = (
				A6FA2F7B2B63BB3400F27970 /* ArtworkLoader.swift */,
			);
			path = Utilities;
			sourceTree = "<group>";
		};
		A6E82C7B2B67ABB90046C3DB /* ViewModels */ = {
			isa = PBXGroup;
			children = (
				A6FA2F792B63981200F27970 /* SongListViewModel.swift */,
				A6E82C7D2B67B4B90046C3DB /* SongViewModel.swift */,
			);
			path = ViewModels;
			sourceTree = "<group>";
		};
		A6E82C7C2B67ABDB0046C3DB /* Views */ = {
			isa = PBXGroup;
			children = (
				A6FA2F672B638C8500F27970 /* ContentView.swift */,
				A6FA2F732B638CD200F27970 /* EmptyStateView.swift */,
				A6FA2F752B638E7D00F27970 /* SearchBar.swift */,
				A6E82C7F2B67B5D10046C3DB /* LoadingView.swift */,
			);
			path = Views;
			sourceTree = "<group>";
		};
		A6FA2F592B638C8500F27970 = {
			isa = PBXGroup;
			children = (
				A6FA2F642B638C8500F27970 /* MusicSearchApp */,
				A6FA2F632B638C8500F27970 /* Products */,
			);
			sourceTree = "<group>";
		};
		A6FA2F632B638C8500F27970 /* Products */ = {
			isa = PBXGroup;
			children = (
				A6FA2F622B638C8500F27970 /* MusicSearchApp.app */,
			);
			name = Products;
			sourceTree = "<group>";
		};
		A6FA2F642B638C8500F27970 /* MusicSearchApp */ = {
			isa = PBXGroup;
			children = (
				A6E82C7B2B67ABB90046C3DB /* ViewModels */,
				A6E82C7A2B67ABAB0046C3DB /* Utilities */,
				A6E82C772B67AB820046C3DB /* Models */,
				A6FA2F652B638C8500F27970 /* MusicSearchAppApp.swift */,
				A6E82C7C2B67ABDB0046C3DB /* Views */,
				A6FA2F692B638C8600F27970 /* Assets.xcassets */,
				A6FA2F6B2B638C8600F27970 /* Preview Content */,
				A6E82C762B67AB740046C3DB /* APIService */,
			);
			path = MusicSearchApp;
			sourceTree = "<group>";
		};
		A6FA2F6B2B638C8600F27970 /* Preview Content */ = {
			isa = PBXGroup;
			children = (
				A6FA2F6C2B638C8600F27970 /* Preview Assets.xcassets */,
			);
			path = "Preview Content";
			sourceTree = "<group>";
		};
/* End PBXGroup section */

/* Begin PBXNativeTarget section */
		A6FA2F612B638C8500F27970 /* MusicSearchApp */ = {
			isa = PBXNativeTarget;
			buildConfigurationList = A6FA2F702B638C8600F27970 /* Build configuration list for PBXNativeTarget "MusicSearchApp" */;
			buildPhases = (
				A6FA2F5E2B638C8500F27970 /* Sources */,
				A6FA2F5F2B638C8500F27970 /* Frameworks */,
				A6FA2F602B638C8500F27970 /* Resources */,
			);
			buildRules = (
			);
			dependencies = (
			);
			name = MusicSearchApp;
			productName = MusicSearchApp;
			productReference = A6FA2F622B638C8500F27970 /* MusicSearchApp.app */;
			productType = "com.apple.product-type.application";
		};
/* End PBXNativeTarget section */

/* Begin PBXProject section */
		A6FA2F5A2B638C8500F27970 /* Project object */ = {
			isa = PBXProject;
			attributes = {
				BuildIndependentTargetsInParallel = 1;
				LastSwiftUpdateCheck = 1500;
				LastUpgradeCheck = 1500;
				TargetAttributes = {
					A6FA2F612B638C8500F27970 = {
						CreatedOnToolsVersion = 15.0.1;
					};
				};
			};
			buildConfigurationList = A6FA2F5D2B638C8500F27970 /* Build configuration list for PBXProject "MusicSearchApp" */;
			compatibilityVersion = "Xcode 14.0";
			developmentRegion = en;
			hasScannedForEncodings = 0;
			knownRegions = (
				en,
				Base,
			);
			mainGroup = A6FA2F592B638C8500F27970;
			productRefGroup = A6FA2F632B638C8500F27970 /* Products */;
			projectDirPath = "";
			projectRoot = "";
			targets = (
				A6FA2F612B638C8500F27970 /* MusicSearchApp */,
			);
		};
/* End PBXProject section */

/* Begin PBXResourcesBuildPhase section */
		A6FA2F602B638C8500F27970 /* Resources */ = {
			isa = PBXResourcesBuildPhase;
			buildActionMask = 2147483647;
			files = (
				A6FA2F6D2B638C8600F27970 /* Preview Assets.xcassets in Resources */,
				A6FA2F6A2B638C8600F27970 /* Assets.xcassets in Resources */,
			);
			runOnlyForDeploymentPostprocessing = 0;
		};
/* End PBXResourcesBuildPhase section */

/* Begin PBXSourcesBuildPhase section */
		A6FA2F5E2B638C8500F27970 /* Sources */ = {
			isa = PBXSourcesBuildPhase;
			buildActionMask = 2147483647;
			files = (
				A6FA2F782B63906700F27970 /* DataModel.swift in Sources */,
				A6FA2F742B638CD200F27970 /* EmptyStateView.swift in Sources */,
				A6FA2F762B638E7D00F27970 /* SearchBar.swift in Sources */,
				A6E82C802B67B5D10046C3DB /* LoadingView.swift in Sources */,
				A6E82C792B67AB8F0046C3DB /* SongResponse.swift in Sources */,
				A6FA2F7A2B63981200F27970 /* SongListViewModel.swift in Sources */,
				A6FA2F682B638C8500F27970 /* ContentView.swift in Sources */,
				A6FA2F662B638C8500F27970 /* MusicSearchAppApp.swift in Sources */,
				A6E82C7E2B67B4B90046C3DB /* SongViewModel.swift in Sources */,
				A6FA2F7C2B63BB3400F27970 /* ArtworkLoader.swift in Sources */,
			);
			runOnlyForDeploymentPostprocessing = 0;
		};
/* End PBXSourcesBuildPhase section */

/* Begin XCBuildConfiguration section */
		A6FA2F6E2B638C8600F27970 /* Debug */ = {
			isa = XCBuildConfiguration;
			buildSettings = {
				ALWAYS_SEARCH_USER_PATHS = NO;
				ASSETCATALOG_COMPILER_GENERATE_SWIFT_ASSET_SYMBOL_EXTENSIONS = YES;
				CLANG_ANALYZER_NONNULL = YES;
				CLANG_ANALYZER_NUMBER_OBJECT_CONVERSION = YES_AGGRESSIVE;
				CLANG_CXX_LANGUAGE_STANDARD = "gnu++20";
				CLANG_ENABLE_MODULES = YES;
				CLANG_ENABLE_OBJC_ARC = YES;
				CLANG_ENABLE_OBJC_WEAK = YES;
				CLANG_WARN_BLOCK_CAPTURE_AUTORELEASING = YES;
				CLANG_WARN_BOOL_CONVERSION = YES;
				CLANG_WARN_COMMA = YES;
				CLANG_WARN_CONSTANT_CONVERSION = YES;
				CLANG_WARN_DEPRECATED_OBJC_IMPLEMENTATIONS = YES;
				CLANG_WARN_DIRECT_OBJC_ISA_USAGE = YES_ERROR;
				CLANG_WARN_DOCUMENTATION_COMMENTS = YES;
				CLANG_WARN_EMPTY_BODY = YES;
				CLANG_WARN_ENUM_CONVERSION = YES;
				CLANG_WARN_INFINITE_RECURSION = YES;
				CLANG_WARN_INT_CONVERSION = YES;
				CLANG_WARN_NON_LITERAL_NULL_CONVERSION = YES;
				CLANG_WARN_OBJC_IMPLICIT_RETAIN_SELF = YES;
				CLANG_WARN_OBJC_LITERAL_CONVERSION = YES;
				CLANG_WARN_OBJC_ROOT_CLASS = YES_ERROR;
				CLANG_WARN_QUOTED_INCLUDE_IN_FRAMEWORK_HEADER = YES;
				CLANG_WARN_RANGE_LOOP_ANALYSIS = YES;
				CLANG_WARN_STRICT_PROTOTYPES = YES;
				CLANG_WARN_SUSPICIOUS_MOVE = YES;
				CLANG_WARN_UNGUARDED_AVAILABILITY = YES_AGGRESSIVE;
				CLANG_WARN_UNREACHABLE_CODE = YES;
				CLANG_WARN__DUPLICATE_METHOD_MATCH = YES;
				COPY_PHASE_STRIP = NO;
				DEBUG_INFORMATION_FORMAT = dwarf;
				ENABLE_STRICT_OBJC_MSGSEND = YES;
				ENABLE_TESTABILITY = YES;
				ENABLE_USER_SCRIPT_SANDBOXING = YES;
				GCC_C_LANGUAGE_STANDARD = gnu17;
				GCC_DYNAMIC_NO_PIC = NO;
				GCC_NO_COMMON_BLOCKS = YES;
				GCC_OPTIMIZATION_LEVEL = 0;
				GCC_PREPROCESSOR_DEFINITIONS = (
					"DEBUG=1",
					"$(inherited)",
				);
				GCC_WARN_64_TO_32_BIT_CONVERSION = YES;
				GCC_WARN_ABOUT_RETURN_TYPE = YES_ERROR;
				GCC_WARN_UNDECLARED_SELECTOR = YES;
				GCC_WARN_UNINITIALIZED_AUTOS = YES_AGGRESSIVE;
				GCC_WARN_UNUSED_FUNCTION = YES;
				GCC_WARN_UNUSED_VARIABLE = YES;
				IPHONEOS_DEPLOYMENT_TARGET = 17.0;
				LOCALIZATION_PREFERS_STRING_CATALOGS = YES;
				MTL_ENABLE_DEBUG_INFO = INCLUDE_SOURCE;
				MTL_FAST_MATH = YES;
				ONLY_ACTIVE_ARCH = YES;
				SDKROOT = iphoneos;
				SWIFT_ACTIVE_COMPILATION_CONDITIONS = "DEBUG $(inherited)";
				SWIFT_OPTIMIZATION_LEVEL = "-Onone";
			};
			name = Debug;
		};
		A6FA2F6F2B638C8600F27970 /* Release */ = {
			isa = XCBuildConfiguration;
			buildSettings = {
				ALWAYS_SEARCH_USER_PATHS = NO;
				ASSETCATALOG_COMPILER_GENERATE_SWIFT_ASSET_SYMBOL_EXTENSIONS = YES;
				CLANG_ANALYZER_NONNULL = YES;
				CLANG_ANALYZER_NUMBER_OBJECT_CONVERSION = YES_AGGRESSIVE;
				CLANG_CXX_LANGUAGE_STANDARD = "gnu++20";
				CLANG_ENABLE_MODULES = YES;
				CLANG_ENABLE_OBJC_ARC = YES;
				CLANG_ENABLE_OBJC_WEAK = YES;
				CLANG_WARN_BLOCK_CAPTURE_AUTORELEASING = YES;
				CLANG_WARN_BOOL_CONVERSION = YES;
				CLANG_WARN_COMMA = YES;
				CLANG_WARN_CONSTANT_CONVERSION = YES;
				CLANG_WARN_DEPRECATED_OBJC_IMPLEMENTATIONS = YES;
				CLANG_WARN_DIRECT_OBJC_ISA_USAGE = YES_ERROR;
				CLANG_WARN_DOCUMENTATION_COMMENTS = YES;
				CLANG_WARN_EMPTY_BODY = YES;
				CLANG_WARN_ENUM_CONVERSION = YES;
				CLANG_WARN_INFINITE_RECURSION = YES;
				CLANG_WARN_INT_CONVERSION = YES;
				CLANG_WARN_NON_LITERAL_NULL_CONVERSION = YES;
				CLANG_WARN_OBJC_IMPLICIT_RETAIN_SELF = YES;
				CLANG_WARN_OBJC_LITERAL_CONVERSION = YES;
				CLANG_WARN_OBJC_ROOT_CLASS = YES_ERROR;
				CLANG_WARN_QUOTED_INCLUDE_IN_FRAMEWORK_HEADER = YES;
				CLANG_WARN_RANGE_LOOP_ANALYSIS = YES;
				CLANG_WARN_STRICT_PROTOTYPES = YES;
				CLANG_WARN_SUSPICIOUS_MOVE = YES;
				CLANG_WARN_UNGUARDED_AVAILABILITY = YES_AGGRESSIVE;
				CLANG_WARN_UNREACHABLE_CODE = YES;
				CLANG_WARN__DUPLICATE_METHOD_MATCH = YES;
				COPY_PHASE_STRIP = NO;
				DEBUG_INFORMATION_FORMAT = "dwarf-with-dsym";
				ENABLE_NS_ASSERTIONS = NO;
				ENABLE_STRICT_OBJC_MSGSEND = YES;
				ENABLE_USER_SCRIPT_SANDBOXING = YES;
				GCC_C_LANGUAGE_STANDARD = gnu17;
				GCC_NO_COMMON_BLOCKS = YES;
				GCC_WARN_64_TO_32_BIT_CONVERSION = YES;
				GCC_WARN_ABOUT_RETURN_TYPE = YES_ERROR;
				GCC_WARN_UNDECLARED_SELECTOR = YES;
				GCC_WARN_UNINITIALIZED_AUTOS = YES_AGGRESSIVE;
				GCC_WARN_UNUSED_FUNCTION = YES;
				GCC_WARN_UNUSED_VARIABLE = YES;
				IPHONEOS_DEPLOYMENT_TARGET = 17.0;
				LOCALIZATION_PREFERS_STRING_CATALOGS = YES;
				MTL_ENABLE_DEBUG_INFO = NO;
				MTL_FAST_MATH = YES;
				SDKROOT = iphoneos;
				SWIFT_COMPILATION_MODE = wholemodule;
				VALIDATE_PRODUCT = YES;
			};
			name = Release;
		};
		A6FA2F712B638C8600F27970 /* Debug */ = {
			isa = XCBuildConfiguration;
			buildSettings = {
				ASSETCATALOG_COMPILER_APPICON_NAME = AppIcon;
				ASSETCATALOG_COMPILER_GLOBAL_ACCENT_COLOR_NAME = AccentColor;
				CODE_SIGN_STYLE = Automatic;
				CURRENT_PROJECT_VERSION = 1;
				DEVELOPMENT_ASSET_PATHS = "\"MusicSearchApp/Preview Content\"";
				DEVELOPMENT_TEAM = 6RPL5Y59FG;
				ENABLE_PREVIEWS = YES;
				GENERATE_INFOPLIST_FILE = YES;
				INFOPLIST_KEY_UIApplicationSceneManifest_Generation = YES;
				INFOPLIST_KEY_UIApplicationSupportsIndirectInputEvents = YES;
				INFOPLIST_KEY_UILaunchScreen_Generation = YES;
				INFOPLIST_KEY_UIRequiresFullScreen = NO;
				INFOPLIST_KEY_UISupportedInterfaceOrientations = "UIInterfaceOrientationLandscapeLeft UIInterfaceOrientationLandscapeRight UIInterfaceOrientationPortrait";
				IPHONEOS_DEPLOYMENT_TARGET = 15.0;
				LD_RUNPATH_SEARCH_PATHS = (
					"$(inherited)",
					"@executable_path/Frameworks",
				);
				MARKETING_VERSION = 1.0;
				PRODUCT_BUNDLE_IDENTIFIER = com.younite.testingCode1.MusicSearchApp;
				PRODUCT_NAME = "$(TARGET_NAME)";
				SWIFT_EMIT_LOC_STRINGS = YES;
				SWIFT_VERSION = 5.0;
				TARGETED_DEVICE_FAMILY = "1,2";
			};
			name = Debug;
		};
		A6FA2F722B638C8600F27970 /* Release */ = {
			isa = XCBuildConfiguration;
			buildSettings = {
				ASSETCATALOG_COMPILER_APPICON_NAME = AppIcon;
				ASSETCATALOG_COMPILER_GLOBAL_ACCENT_COLOR_NAME = AccentColor;
				CODE_SIGN_STYLE = Automatic;
				CURRENT_PROJECT_VERSION = 1;
				DEVELOPMENT_ASSET_PATHS = "\"MusicSearchApp/Preview Content\"";
				DEVELOPMENT_TEAM = 6RPL5Y59FG;
				ENABLE_PREVIEWS = YES;
				GENERATE_INFOPLIST_FILE = YES;
				INFOPLIST_KEY_UIApplicationSceneManifest_Generation = YES;
				INFOPLIST_KEY_UIApplicationSupportsIndirectInputEvents = YES;
				INFOPLIST_KEY_UILaunchScreen_Generation = YES;
				INFOPLIST_KEY_UIRequiresFullScreen = NO;
				INFOPLIST_KEY_UISupportedInterfaceOrientations = "UIInterfaceOrientationLandscapeLeft UIInterfaceOrientationLandscapeRight UIInterfaceOrientationPortrait";
				IPHONEOS_DEPLOYMENT_TARGET = 15.0;
				LD_RUNPATH_SEARCH_PATHS = (
					"$(inherited)",
					"@executable_path/Frameworks",
				);
				MARKETING_VERSION = 1.0;
				PRODUCT_BUNDLE_IDENTIFIER = com.younite.testingCode1.MusicSearchApp;
				PRODUCT_NAME = "$(TARGET_NAME)";
				SWIFT_EMIT_LOC_STRINGS = YES;
				SWIFT_VERSION = 5.0;
				TARGETED_DEVICE_FAMILY = "1,2";
			};
			name = Release;
		};
/* End XCBuildConfiguration section */

/* Begin XCConfigurationList section */
		A6FA2F5D2B638C8500F27970 /* Build configuration list for PBXProject "MusicSearchApp" */ = {
			isa = XCConfigurationList;
			buildConfigurations = (
				A6FA2F6E2B638C8600F27970 /* Debug */,
				A6FA2F6F2B638C8600F27970 /* Release */,
			);
			defaultConfigurationIsVisible = 0;
			defaultConfigurationName = Release;
		};
		A6FA2F702B638C8600F27970 /* Build configuration list for PBXNativeTarget "MusicSearchApp" */ = {
			isa = XCConfigurationList;
			buildConfigurations = (
				A6FA2F712B638C8600F27970 /* Debug */,
				A6FA2F722B638C8600F27970 /* Release */,
			);
			defaultConfigurationIsVisible = 0;
			defaultConfigurationName = Release;
		};
/* End XCConfigurationList section */
	};
	rootObject = A6FA2F5A2B638C8500F27970 /* Project object */;
}
